// !$*UTF8*$!
{
	archiveVersion = 1;
	classes = {
	};
	objectVersion = 51;
	objects = {

/* Begin PBXBuildFile section */
		381BA8B424EBCFC70011966D /* EventView.swift in Sources */ = {isa = PBXBuildFile; fileRef = 381BA8B324EBCFC70011966D /* EventView.swift */; };
		381BA8B624EBCFF70011966D /* EventViewModel.swift in Sources */ = {isa = PBXBuildFile; fileRef = 381BA8B524EBCFF70011966D /* EventViewModel.swift */; };
		383B318624CE9F98008E39B3 /* AppDelegate.swift in Sources */ = {isa = PBXBuildFile; fileRef = 383B318524CE9F98008E39B3 /* AppDelegate.swift */; };
		383B318824CE9F98008E39B3 /* SceneDelegate.swift in Sources */ = {isa = PBXBuildFile; fileRef = 383B318724CE9F98008E39B3 /* SceneDelegate.swift */; };
		383B318B24CE9F98008E39B3 /* LocsApp.xcdatamodeld in Sources */ = {isa = PBXBuildFile; fileRef = 383B318924CE9F98008E39B3 /* LocsApp.xcdatamodeld */; };
		383B318D24CE9F98008E39B3 /* ContentView.swift in Sources */ = {isa = PBXBuildFile; fileRef = 383B318C24CE9F98008E39B3 /* ContentView.swift */; };
		383B318F24CE9F9A008E39B3 /* Assets.xcassets in Resources */ = {isa = PBXBuildFile; fileRef = 383B318E24CE9F9A008E39B3 /* Assets.xcassets */; };
		383B319224CE9F9A008E39B3 /* Preview Assets.xcassets in Resources */ = {isa = PBXBuildFile; fileRef = 383B319124CE9F9A008E39B3 /* Preview Assets.xcassets */; };
		383B319524CE9F9A008E39B3 /* LaunchScreen.storyboard in Resources */ = {isa = PBXBuildFile; fileRef = 383B319324CE9F9A008E39B3 /* LaunchScreen.storyboard */; };
		385367E724FCCC6700456232 /* FormatedTextArea.swift in Sources */ = {isa = PBXBuildFile; fileRef = 385367E624FCCC6700456232 /* FormatedTextArea.swift */; };
		385367E924FCDFC600456232 /* TagsListEventInfo.swift in Sources */ = {isa = PBXBuildFile; fileRef = 385367E824FCDFC600456232 /* TagsListEventInfo.swift */; };
		38569D0C250281450099710C /* EventListView.swift in Sources */ = {isa = PBXBuildFile; fileRef = 38569D0B250281450099710C /* EventListView.swift */; };
		38569D0E2502816E0099710C /* EventRowView.swift in Sources */ = {isa = PBXBuildFile; fileRef = 38569D0D2502816E0099710C /* EventRowView.swift */; };
		38569D12250282370099710C /* EventShortInfoModel.swift in Sources */ = {isa = PBXBuildFile; fileRef = 38569D11250282370099710C /* EventShortInfoModel.swift */; };
		38569D142502841D0099710C /* EventShortListViewModel.swift in Sources */ = {isa = PBXBuildFile; fileRef = 38569D132502841D0099710C /* EventShortListViewModel.swift */; };
		38569D19250295D00099710C /* EventShortInfoViewModel.swift in Sources */ = {isa = PBXBuildFile; fileRef = 38569D18250295D00099710C /* EventShortInfoViewModel.swift */; };
		3862839424FA5FB800598D1F /* ImageEventinfoView.swift in Sources */ = {isa = PBXBuildFile; fileRef = 3862839324FA5FB800598D1F /* ImageEventinfoView.swift */; };
		38A8B53124E599DA00FE4488 /* EventModel.swift in Sources */ = {isa = PBXBuildFile; fileRef = 38A8B53024E599DA00FE4488 /* EventModel.swift */; };
		A559880A64CA8FEC72D92CF6 /* Pods_LocsApp.framework in Frameworks */ = {isa = PBXBuildFile; fileRef = F9926F0576EAF6DDE6B63C6B /* Pods_LocsApp.framework */; };
/* End PBXBuildFile section */

/* Begin PBXFileReference section */
		381BA8B324EBCFC70011966D /* EventView.swift */ = {isa = PBXFileReference; lastKnownFileType = sourcecode.swift; path = EventView.swift; sourceTree = "<group>"; };
		381BA8B524EBCFF70011966D /* EventViewModel.swift */ = {isa = PBXFileReference; lastKnownFileType = sourcecode.swift; path = EventViewModel.swift; sourceTree = "<group>"; };
		383B318224CE9F97008E39B3 /* LocsApp.app */ = {isa = PBXFileReference; explicitFileType = wrapper.application; includeInIndex = 0; path = LocsApp.app; sourceTree = BUILT_PRODUCTS_DIR; };
		383B318524CE9F98008E39B3 /* AppDelegate.swift */ = {isa = PBXFileReference; lastKnownFileType = sourcecode.swift; path = AppDelegate.swift; sourceTree = "<group>"; };
		383B318724CE9F98008E39B3 /* SceneDelegate.swift */ = {isa = PBXFileReference; lastKnownFileType = sourcecode.swift; path = SceneDelegate.swift; sourceTree = "<group>"; };
		383B318A24CE9F98008E39B3 /* LocsApp.xcdatamodel */ = {isa = PBXFileReference; lastKnownFileType = wrapper.xcdatamodel; path = LocsApp.xcdatamodel; sourceTree = "<group>"; };
		383B318C24CE9F98008E39B3 /* ContentView.swift */ = {isa = PBXFileReference; lastKnownFileType = sourcecode.swift; path = ContentView.swift; sourceTree = "<group>"; };
		383B318E24CE9F9A008E39B3 /* Assets.xcassets */ = {isa = PBXFileReference; lastKnownFileType = folder.assetcatalog; path = Assets.xcassets; sourceTree = "<group>"; };
		383B319124CE9F9A008E39B3 /* Preview Assets.xcassets */ = {isa = PBXFileReference; lastKnownFileType = folder.assetcatalog; path = "Preview Assets.xcassets"; sourceTree = "<group>"; };
		383B319424CE9F9A008E39B3 /* Base */ = {isa = PBXFileReference; lastKnownFileType = file.storyboard; name = Base; path = Base.lproj/LaunchScreen.storyboard; sourceTree = "<group>"; };
		383B319624CE9F9A008E39B3 /* Info.plist */ = {isa = PBXFileReference; lastKnownFileType = text.plist.xml; path = Info.plist; sourceTree = "<group>"; };
		385367E624FCCC6700456232 /* FormatedTextArea.swift */ = {isa = PBXFileReference; lastKnownFileType = sourcecode.swift; path = FormatedTextArea.swift; sourceTree = "<group>"; };
		385367E824FCDFC600456232 /* TagsListEventInfo.swift */ = {isa = PBXFileReference; lastKnownFileType = sourcecode.swift; path = TagsListEventInfo.swift; sourceTree = "<group>"; };
		38569D0B250281450099710C /* EventListView.swift */ = {isa = PBXFileReference; lastKnownFileType = sourcecode.swift; path = EventListView.swift; sourceTree = "<group>"; };
		38569D0D2502816E0099710C /* EventRowView.swift */ = {isa = PBXFileReference; lastKnownFileType = sourcecode.swift; path = EventRowView.swift; sourceTree = "<group>"; };
		38569D11250282370099710C /* EventShortInfoModel.swift */ = {isa = PBXFileReference; lastKnownFileType = sourcecode.swift; path = EventShortInfoModel.swift; sourceTree = "<group>"; };
		38569D132502841D0099710C /* EventShortListViewModel.swift */ = {isa = PBXFileReference; lastKnownFileType = sourcecode.swift; path = EventShortListViewModel.swift; sourceTree = "<group>"; };
		38569D18250295D00099710C /* EventShortInfoViewModel.swift */ = {isa = PBXFileReference; lastKnownFileType = sourcecode.swift; path = EventShortInfoViewModel.swift; sourceTree = "<group>"; };
		3862839324FA5FB800598D1F /* ImageEventinfoView.swift */ = {isa = PBXFileReference; lastKnownFileType = sourcecode.swift; path = ImageEventinfoView.swift; sourceTree = "<group>"; };
		38A8B53024E599DA00FE4488 /* EventModel.swift */ = {isa = PBXFileReference; lastKnownFileType = sourcecode.swift; path = EventModel.swift; sourceTree = "<group>"; };
		7B8FFC3F2F7208FD47301ECB /* Pods-LocsApp.debug.xcconfig */ = {isa = PBXFileReference; includeInIndex = 1; lastKnownFileType = text.xcconfig; name = "Pods-LocsApp.debug.xcconfig"; path = "Target Support Files/Pods-LocsApp/Pods-LocsApp.debug.xcconfig"; sourceTree = "<group>"; };
		BEB822DF7B5E887F71FBC8C9 /* Pods-LocsApp.release.xcconfig */ = {isa = PBXFileReference; includeInIndex = 1; lastKnownFileType = text.xcconfig; name = "Pods-LocsApp.release.xcconfig"; path = "Target Support Files/Pods-LocsApp/Pods-LocsApp.release.xcconfig"; sourceTree = "<group>"; };
		F9926F0576EAF6DDE6B63C6B /* Pods_LocsApp.framework */ = {isa = PBXFileReference; explicitFileType = wrapper.framework; includeInIndex = 0; path = Pods_LocsApp.framework; sourceTree = BUILT_PRODUCTS_DIR; };
/* End PBXFileReference section */

/* Begin PBXFrameworksBuildPhase section */
		383B317F24CE9F97008E39B3 /* Frameworks */ = {
			isa = PBXFrameworksBuildPhase;
			buildActionMask = 2147483647;
			files = (
				A559880A64CA8FEC72D92CF6 /* Pods_LocsApp.framework in Frameworks */,
			);
			runOnlyForDeploymentPostprocessing = 0;
		};
/* End PBXFrameworksBuildPhase section */

/* Begin PBXGroup section */
		381BA8A824EBCB530011966D /* ViewModel */ = {
			isa = PBXGroup;
			children = (
				381BA8B524EBCFF70011966D /* EventViewModel.swift */,
				38569D132502841D0099710C /* EventShortListViewModel.swift */,
				38569D18250295D00099710C /* EventShortInfoViewModel.swift */,
			);
			path = ViewModel;
			sourceTree = "<group>";
		};
		383B317924CE9F97008E39B3 = {
			isa = PBXGroup;
			children = (
				383B318424CE9F98008E39B3 /* LocsApp */,
				383B318324CE9F98008E39B3 /* Products */,
				5E2335ECA6631EB97BE111F1 /* Pods */,
				B2B26E4E54A0EFC500FC852A /* Frameworks */,
			);
			sourceTree = "<group>";
		};
		383B318324CE9F98008E39B3 /* Products */ = {
			isa = PBXGroup;
			children = (
				383B318224CE9F97008E39B3 /* LocsApp.app */,
			);
			name = Products;
			sourceTree = "<group>";
		};
		383B318424CE9F98008E39B3 /* LocsApp */ = {
			isa = PBXGroup;
			children = (
				381BA8A824EBCB530011966D /* ViewModel */,
				38A8B52F24E599CB00FE4488 /* ServiceModel */,
				383B319C24CE9FA8008E39B3 /* View */,
				383B318524CE9F98008E39B3 /* AppDelegate.swift */,
				383B318724CE9F98008E39B3 /* SceneDelegate.swift */,
				383B318C24CE9F98008E39B3 /* ContentView.swift */,
				383B318E24CE9F9A008E39B3 /* Assets.xcassets */,
				383B319324CE9F9A008E39B3 /* LaunchScreen.storyboard */,
				383B319624CE9F9A008E39B3 /* Info.plist */,
				383B318924CE9F98008E39B3 /* LocsApp.xcdatamodeld */,
				383B319024CE9F9A008E39B3 /* Preview Content */,
			);
			path = LocsApp;
			sourceTree = "<group>";
		};
		383B319024CE9F9A008E39B3 /* Preview Content */ = {
			isa = PBXGroup;
			children = (
				383B319124CE9F9A008E39B3 /* Preview Assets.xcassets */,
			);
			path = "Preview Content";
			sourceTree = "<group>";
		};
		383B319C24CE9FA8008E39B3 /* View */ = {
			isa = PBXGroup;
			children = (
				3862839224FA5F9300598D1F /* SubView */,
				381BA8B324EBCFC70011966D /* EventView.swift */,
				38569D0B250281450099710C /* EventListView.swift */,
			);
			path = View;
			sourceTree = "<group>";
		};
		3862839224FA5F9300598D1F /* SubView */ = {
			isa = PBXGroup;
			children = (
				3862839324FA5FB800598D1F /* ImageEventinfoView.swift */,
				385367E624FCCC6700456232 /* FormatedTextArea.swift */,
				385367E824FCDFC600456232 /* TagsListEventInfo.swift */,
				38569D0D2502816E0099710C /* EventRowView.swift */,
			);
			path = SubView;
			sourceTree = "<group>";
		};
		38A8B52F24E599CB00FE4488 /* ServiceModel */ = {
			isa = PBXGroup;
			children = (
				38A8B53024E599DA00FE4488 /* EventModel.swift */,
				38569D11250282370099710C /* EventShortInfoModel.swift */,
			);
			path = ServiceModel;
			sourceTree = "<group>";
		};
		5E2335ECA6631EB97BE111F1 /* Pods */ = {
			isa = PBXGroup;
			children = (
				7B8FFC3F2F7208FD47301ECB /* Pods-LocsApp.debug.xcconfig */,
				BEB822DF7B5E887F71FBC8C9 /* Pods-LocsApp.release.xcconfig */,
			);
			path = Pods;
			sourceTree = "<group>";
		};
		B2B26E4E54A0EFC500FC852A /* Frameworks */ = {
			isa = PBXGroup;
			children = (
				F9926F0576EAF6DDE6B63C6B /* Pods_LocsApp.framework */,
			);
			name = Frameworks;
			sourceTree = "<group>";
		};
/* End PBXGroup section */

/* Begin PBXNativeTarget section */
		383B318124CE9F97008E39B3 /* LocsApp */ = {
			isa = PBXNativeTarget;
			buildConfigurationList = 383B319924CE9F9A008E39B3 /* Build configuration list for PBXNativeTarget "LocsApp" */;
			buildPhases = (
				3A8319CCFC1D39E7E6F9C207 /* [CP] Check Pods Manifest.lock */,
				383B317E24CE9F97008E39B3 /* Sources */,
				383B317F24CE9F97008E39B3 /* Frameworks */,
				383B318024CE9F97008E39B3 /* Resources */,
				FA2DB0F17CF6BC424746A2C0 /* [CP] Embed Pods Frameworks */,
			);
			buildRules = (
			);
			dependencies = (
			);
			name = LocsApp;
			productName = LocsApp;
			productReference = 383B318224CE9F97008E39B3 /* LocsApp.app */;
			productType = "com.apple.product-type.application";
		};
/* End PBXNativeTarget section */

/* Begin PBXProject section */
		383B317A24CE9F97008E39B3 /* Project object */ = {
			isa = PBXProject;
			attributes = {
				LastSwiftUpdateCheck = 1160;
				LastUpgradeCheck = 1160;
				ORGANIZATIONNAME = "Никита Попов";
				TargetAttributes = {
					383B318124CE9F97008E39B3 = {
						CreatedOnToolsVersion = 11.6;
					};
				};
			};
			buildConfigurationList = 383B317D24CE9F97008E39B3 /* Build configuration list for PBXProject "LocsApp" */;
			compatibilityVersion = "Xcode 9.3";
			developmentRegion = en;
			hasScannedForEncodings = 0;
			knownRegions = (
				en,
				Base,
			);
			mainGroup = 383B317924CE9F97008E39B3;
			productRefGroup = 383B318324CE9F98008E39B3 /* Products */;
			projectDirPath = "";
			projectRoot = "";
			targets = (
				383B318124CE9F97008E39B3 /* LocsApp */,
			);
		};
/* End PBXProject section */

/* Begin PBXResourcesBuildPhase section */
		383B318024CE9F97008E39B3 /* Resources */ = {
			isa = PBXResourcesBuildPhase;
			buildActionMask = 2147483647;
			files = (
				383B319524CE9F9A008E39B3 /* LaunchScreen.storyboard in Resources */,
				383B319224CE9F9A008E39B3 /* Preview Assets.xcassets in Resources */,
				383B318F24CE9F9A008E39B3 /* Assets.xcassets in Resources */,
			);
			runOnlyForDeploymentPostprocessing = 0;
		};
/* End PBXResourcesBuildPhase section */

/* Begin PBXShellScriptBuildPhase section */
		3A8319CCFC1D39E7E6F9C207 /* [CP] Check Pods Manifest.lock */ = {
			isa = PBXShellScriptBuildPhase;
			buildActionMask = 2147483647;
			files = (
			);
			inputFileListPaths = (
			);
			inputPaths = (
				"${PODS_PODFILE_DIR_PATH}/Podfile.lock",
				"${PODS_ROOT}/Manifest.lock",
			);
			name = "[CP] Check Pods Manifest.lock";
			outputFileListPaths = (
			);
			outputPaths = (
				"$(DERIVED_FILE_DIR)/Pods-LocsApp-checkManifestLockResult.txt",
			);
			runOnlyForDeploymentPostprocessing = 0;
			shellPath = /bin/sh;
			shellScript = "diff \"${PODS_PODFILE_DIR_PATH}/Podfile.lock\" \"${PODS_ROOT}/Manifest.lock\" > /dev/null\nif [ $? != 0 ] ; then\n    # print error to STDERR\n    echo \"error: The sandbox is not in sync with the Podfile.lock. Run 'pod install' or update your CocoaPods installation.\" >&2\n    exit 1\nfi\n# This output is used by Xcode 'outputs' to avoid re-running this script phase.\necho \"SUCCESS\" > \"${SCRIPT_OUTPUT_FILE_0}\"\n";
			showEnvVarsInLog = 0;
		};
		FA2DB0F17CF6BC424746A2C0 /* [CP] Embed Pods Frameworks */ = {
			isa = PBXShellScriptBuildPhase;
			buildActionMask = 2147483647;
			files = (
			);
			inputFileListPaths = (
				"${PODS_ROOT}/Target Support Files/Pods-LocsApp/Pods-LocsApp-frameworks-${CONFIGURATION}-input-files.xcfilelist",
			);
			name = "[CP] Embed Pods Frameworks";
			outputFileListPaths = (
				"${PODS_ROOT}/Target Support Files/Pods-LocsApp/Pods-LocsApp-frameworks-${CONFIGURATION}-output-files.xcfilelist",
			);
			runOnlyForDeploymentPostprocessing = 0;
			shellPath = /bin/sh;
			shellScript = "\"${PODS_ROOT}/Target Support Files/Pods-LocsApp/Pods-LocsApp-frameworks.sh\"\n";
			showEnvVarsInLog = 0;
		};
/* End PBXShellScriptBuildPhase section */

/* Begin PBXSourcesBuildPhase section */
		383B317E24CE9F97008E39B3 /* Sources */ = {
			isa = PBXSourcesBuildPhase;
			buildActionMask = 2147483647;
			files = (
				38569D0C250281450099710C /* EventListView.swift in Sources */,
				383B318624CE9F98008E39B3 /* AppDelegate.swift in Sources */,
				385367E924FCDFC600456232 /* TagsListEventInfo.swift in Sources */,
				383B318824CE9F98008E39B3 /* SceneDelegate.swift in Sources */,
				381BA8B624EBCFF70011966D /* EventViewModel.swift in Sources */,
				38569D19250295D00099710C /* EventShortInfoViewModel.swift in Sources */,
				38A8B53124E599DA00FE4488 /* EventModel.swift in Sources */,
				38569D0E2502816E0099710C /* EventRowView.swift in Sources */,
				383B318D24CE9F98008E39B3 /* ContentView.swift in Sources */,
				383B318B24CE9F98008E39B3 /* LocsApp.xcdatamodeld in Sources */,
				381BA8B424EBCFC70011966D /* EventView.swift in Sources */,
				38569D12250282370099710C /* EventShortInfoModel.swift in Sources */,
				3862839424FA5FB800598D1F /* ImageEventinfoView.swift in Sources */,
				38569D142502841D0099710C /* EventShortListViewModel.swift in Sources */,
				385367E724FCCC6700456232 /* FormatedTextArea.swift in Sources */,
			);
			runOnlyForDeploymentPostprocessing = 0;
		};
/* End PBXSourcesBuildPhase section */

/* Begin PBXVariantGroup section */
		383B319324CE9F9A008E39B3 /* LaunchScreen.storyboard */ = {
			isa = PBXVariantGroup;
			children = (
				383B319424CE9F9A008E39B3 /* Base */,
			);
			name = LaunchScreen.storyboard;
			sourceTree = "<group>";
		};
/* End PBXVariantGroup section */

/* Begin XCBuildConfiguration section */
		383B319724CE9F9A008E39B3 /* Debug */ = {
			isa = XCBuildConfiguration;
			buildSettings = {
				ALWAYS_SEARCH_USER_PATHS = NO;
				CLANG_ANALYZER_NONNULL = YES;
				CLANG_ANALYZER_NUMBER_OBJECT_CONVERSION = YES_AGGRESSIVE;
				CLANG_CXX_LANGUAGE_STANDARD = "gnu++14";
				CLANG_CXX_LIBRARY = "libc++";
				CLANG_ENABLE_MODULES = YES;
				CLANG_ENABLE_OBJC_ARC = YES;
				CLANG_ENABLE_OBJC_WEAK = YES;
				CLANG_WARN_BLOCK_CAPTURE_AUTORELEASING = YES;
				CLANG_WARN_BOOL_CONVERSION = YES;
				CLANG_WARN_COMMA = YES;
				CLANG_WARN_CONSTANT_CONVERSION = YES;
				CLANG_WARN_DEPRECATED_OBJC_IMPLEMENTATIONS = YES;
				CLANG_WARN_DIRECT_OBJC_ISA_USAGE = YES_ERROR;
				CLANG_WARN_DOCUMENTATION_COMMENTS = YES;
				CLANG_WARN_EMPTY_BODY = YES;
				CLANG_WARN_ENUM_CONVERSION = YES;
				CLANG_WARN_INFINITE_RECURSION = YES;
				CLANG_WARN_INT_CONVERSION = YES;
				CLANG_WARN_NON_LITERAL_NULL_CONVERSION = YES;
				CLANG_WARN_OBJC_IMPLICIT_RETAIN_SELF = YES;
				CLANG_WARN_OBJC_LITERAL_CONVERSION = YES;
				CLANG_WARN_OBJC_ROOT_CLASS = YES_ERROR;
				CLANG_WARN_RANGE_LOOP_ANALYSIS = YES;
				CLANG_WARN_STRICT_PROTOTYPES = YES;
				CLANG_WARN_SUSPICIOUS_MOVE = YES;
				CLANG_WARN_UNGUARDED_AVAILABILITY = YES_AGGRESSIVE;
				CLANG_WARN_UNREACHABLE_CODE = YES;
				CLANG_WARN__DUPLICATE_METHOD_MATCH = YES;
				COPY_PHASE_STRIP = NO;
				DEBUG_INFORMATION_FORMAT = dwarf;
				ENABLE_STRICT_OBJC_MSGSEND = YES;
				ENABLE_TESTABILITY = YES;
				GCC_C_LANGUAGE_STANDARD = gnu11;
				GCC_DYNAMIC_NO_PIC = NO;
				GCC_NO_COMMON_BLOCKS = YES;
				GCC_OPTIMIZATION_LEVEL = 0;
				GCC_PREPROCESSOR_DEFINITIONS = (
					"DEBUG=1",
					"$(inherited)",
				);
				GCC_WARN_64_TO_32_BIT_CONVERSION = YES;
				GCC_WARN_ABOUT_RETURN_TYPE = YES_ERROR;
				GCC_WARN_UNDECLARED_SELECTOR = YES;
				GCC_WARN_UNINITIALIZED_AUTOS = YES_AGGRESSIVE;
				GCC_WARN_UNUSED_FUNCTION = YES;
				GCC_WARN_UNUSED_VARIABLE = YES;
				IPHONEOS_DEPLOYMENT_TARGET = 13.6;
				MTL_ENABLE_DEBUG_INFO = INCLUDE_SOURCE;
				MTL_FAST_MATH = YES;
				ONLY_ACTIVE_ARCH = YES;
				SDKROOT = iphoneos;
				SWIFT_ACTIVE_COMPILATION_CONDITIONS = DEBUG;
				SWIFT_OPTIMIZATION_LEVEL = "-Onone";
			};
			name = Debug;
		};
		383B319824CE9F9A008E39B3 /* Release */ = {
			isa = XCBuildConfiguration;
			buildSettings = {
				ALWAYS_SEARCH_USER_PATHS = NO;
				CLANG_ANALYZER_NONNULL = YES;
				CLANG_ANALYZER_NUMBER_OBJECT_CONVERSION = YES_AGGRESSIVE;
				CLANG_CXX_LANGUAGE_STANDARD = "gnu++14";
				CLANG_CXX_LIBRARY = "libc++";
				CLANG_ENABLE_MODULES = YES;
				CLANG_ENABLE_OBJC_ARC = YES;
				CLANG_ENABLE_OBJC_WEAK = YES;
				CLANG_WARN_BLOCK_CAPTURE_AUTORELEASING = YES;
				CLANG_WARN_BOOL_CONVERSION = YES;
				CLANG_WARN_COMMA = YES;
				CLANG_WARN_CONSTANT_CONVERSION = YES;
				CLANG_WARN_DEPRECATED_OBJC_IMPLEMENTATIONS = YES;
				CLANG_WARN_DIRECT_OBJC_ISA_USAGE = YES_ERROR;
				CLANG_WARN_DOCUMENTATION_COMMENTS = YES;
				CLANG_WARN_EMPTY_BODY = YES;
				CLANG_WARN_ENUM_CONVERSION = YES;
				CLANG_WARN_INFINITE_RECURSION = YES;
				CLANG_WARN_INT_CONVERSION = YES;
				CLANG_WARN_NON_LITERAL_NULL_CONVERSION = YES;
				CLANG_WARN_OBJC_IMPLICIT_RETAIN_SELF = YES;
				CLANG_WARN_OBJC_LITERAL_CONVERSION = YES;
				CLANG_WARN_OBJC_ROOT_CLASS = YES_ERROR;
				CLANG_WARN_RANGE_LOOP_ANALYSIS = YES;
				CLANG_WARN_STRICT_PROTOTYPES = YES;
				CLANG_WARN_SUSPICIOUS_MOVE = YES;
				CLANG_WARN_UNGUARDED_AVAILABILITY = YES_AGGRESSIVE;
				CLANG_WARN_UNREACHABLE_CODE = YES;
				CLANG_WARN__DUPLICATE_METHOD_MATCH = YES;
				COPY_PHASE_STRIP = NO;
				DEBUG_INFORMATION_FORMAT = "dwarf-with-dsym";
				ENABLE_NS_ASSERTIONS = NO;
				ENABLE_STRICT_OBJC_MSGSEND = YES;
				GCC_C_LANGUAGE_STANDARD = gnu11;
				GCC_NO_COMMON_BLOCKS = YES;
				GCC_WARN_64_TO_32_BIT_CONVERSION = YES;
				GCC_WARN_ABOUT_RETURN_TYPE = YES_ERROR;
				GCC_WARN_UNDECLARED_SELECTOR = YES;
				GCC_WARN_UNINITIALIZED_AUTOS = YES_AGGRESSIVE;
				GCC_WARN_UNUSED_FUNCTION = YES;
				GCC_WARN_UNUSED_VARIABLE = YES;
				IPHONEOS_DEPLOYMENT_TARGET = 13.6;
				MTL_ENABLE_DEBUG_INFO = NO;
				MTL_FAST_MATH = YES;
				SDKROOT = iphoneos;
				SWIFT_COMPILATION_MODE = wholemodule;
				SWIFT_OPTIMIZATION_LEVEL = "-O";
				VALIDATE_PRODUCT = YES;
			};
			name = Release;
		};
		383B319A24CE9F9A008E39B3 /* Debug */ = {
			isa = XCBuildConfiguration;
			baseConfigurationReference = 7B8FFC3F2F7208FD47301ECB /* Pods-LocsApp.debug.xcconfig */;
			buildSettings = {
				ASSETCATALOG_COMPILER_APPICON_NAME = AppIcon;
				CODE_SIGN_STYLE = Automatic;
				DEVELOPMENT_ASSET_PATHS = "\"LocsApp/Preview Content\"";
				DEVELOPMENT_TEAM = 2GL77FKF9Q;
				ENABLE_PREVIEWS = YES;
				INFOPLIST_FILE = LocsApp/Info.plist;
				LD_RUNPATH_SEARCH_PATHS = (
					"$(inherited)",
					"@executable_path/Frameworks",
				);
				PRODUCT_BUNDLE_IDENTIFIER = kosmo.LocsApp;
				PRODUCT_NAME = "$(TARGET_NAME)";
				SWIFT_VERSION = 5.0;
				TARGETED_DEVICE_FAMILY = "1,2";
			};
			name = Debug;
		};
		383B319B24CE9F9A008E39B3 /* Release */ = {
			isa = XCBuildConfiguration;
			baseConfigurationReference = BEB822DF7B5E887F71FBC8C9 /* Pods-LocsApp.release.xcconfig */;
			buildSettings = {
				ASSETCATALOG_COMPILER_APPICON_NAME = AppIcon;
				CODE_SIGN_STYLE = Automatic;
				DEVELOPMENT_ASSET_PATHS = "\"LocsApp/Preview Content\"";
				DEVELOPMENT_TEAM = 2GL77FKF9Q;
				ENABLE_PREVIEWS = YES;
				INFOPLIST_FILE = LocsApp/Info.plist;
				LD_RUNPATH_SEARCH_PATHS = (
					"$(inherited)",
					"@executable_path/Frameworks",
				);
				PRODUCT_BUNDLE_IDENTIFIER = kosmo.LocsApp;
				PRODUCT_NAME = "$(TARGET_NAME)";
				SWIFT_VERSION = 5.0;
				TARGETED_DEVICE_FAMILY = "1,2";
			};
			name = Release;
		};
/* End XCBuildConfiguration section */

/* Begin XCConfigurationList section */
		383B317D24CE9F97008E39B3 /* Build configuration list for PBXProject "LocsApp" */ = {
			isa = XCConfigurationList;
			buildConfigurations = (
				383B319724CE9F9A008E39B3 /* Debug */,
				383B319824CE9F9A008E39B3 /* Release */,
			);
			defaultConfigurationIsVisible = 0;
			defaultConfigurationName = Release;
		};
		383B319924CE9F9A008E39B3 /* Build configuration list for PBXNativeTarget "LocsApp" */ = {
			isa = XCConfigurationList;
			buildConfigurations = (
				383B319A24CE9F9A008E39B3 /* Debug */,
				383B319B24CE9F9A008E39B3 /* Release */,
			);
			defaultConfigurationIsVisible = 0;
			defaultConfigurationName = Release;
		};
/* End XCConfigurationList section */

/* Begin XCVersionGroup section */
		383B318924CE9F98008E39B3 /* LocsApp.xcdatamodeld */ = {
			isa = XCVersionGroup;
			children = (
				383B318A24CE9F98008E39B3 /* LocsApp.xcdatamodel */,
			);
			currentVersion = 383B318A24CE9F98008E39B3 /* LocsApp.xcdatamodel */;
			path = LocsApp.xcdatamodeld;
			sourceTree = "<group>";
			versionGroupType = wrapper.xcdatamodel;
		};
/* End XCVersionGroup section */
	};
	rootObject = 383B317A24CE9F97008E39B3 /* Project object */;
}
